// !$*UTF8*$!
{
	archiveVersion = 1;
	classes = {
	};
	objectVersion = 50;
	objects = {

/* Begin PBXBuildFile section */
		62051FC023C6254600274E20 /* SoundsVC.swift in Sources */ = {isa = PBXBuildFile; fileRef = 62051FBF23C6254600274E20 /* SoundsVC.swift */; };
		6212AC0A23C5E22D00296F50 /* NotificationsVC.swift in Sources */ = {isa = PBXBuildFile; fileRef = 6212AC0923C5E22D00296F50 /* NotificationsVC.swift */; };
		6212AC0C23C5E45A00296F50 /* NotificationsCheckCell.swift in Sources */ = {isa = PBXBuildFile; fileRef = 6212AC0B23C5E45A00296F50 /* NotificationsCheckCell.swift */; };
		6212AC0E23C5E58A00296F50 /* NotificationsChooseCell.swift in Sources */ = {isa = PBXBuildFile; fileRef = 6212AC0D23C5E58A00296F50 /* NotificationsChooseCell.swift */; };
		6212AC1023C5E60A00296F50 /* NotificationsLedCell.swift in Sources */ = {isa = PBXBuildFile; fileRef = 6212AC0F23C5E60A00296F50 /* NotificationsLedCell.swift */; };
		62148ED1234F1F5300B44E62 /* AppIcon.appiconset in Resources */ = {isa = PBXBuildFile; fileRef = 62148ED0234F1F5200B44E62 /* AppIcon.appiconset */; };
		62148ED6234F249000B44E62 /* icons8-collapse-arrow-50.png in Resources */ = {isa = PBXBuildFile; fileRef = 62148ED4234F249000B44E62 /* icons8-collapse-arrow-50.png */; };
		62148ED7234F249000B44E62 /* icons8-expand-arrow-50.png in Resources */ = {isa = PBXBuildFile; fileRef = 62148ED5234F249000B44E62 /* icons8-expand-arrow-50.png */; };
		6228265223D7897700CC0041 /* icons8-checked-24.png in Resources */ = {isa = PBXBuildFile; fileRef = 6228265123D7897700CC0041 /* icons8-checked-24.png */; };
		62652280234A11FB00BD41E4 /* HomeVC.swift in Sources */ = {isa = PBXBuildFile; fileRef = 6265227F234A11FB00BD41E4 /* HomeVC.swift */; };
		62652282234A129D00BD41E4 /* SideMenuVC.swift in Sources */ = {isa = PBXBuildFile; fileRef = 62652281234A129D00BD41E4 /* SideMenuVC.swift */; };
		62652289234A1A9F00BD41E4 /* Images.xcassets in Resources */ = {isa = PBXBuildFile; fileRef = 62652288234A1A9F00BD41E4 /* Images.xcassets */; };
		6265228B234A1C3D00BD41E4 /* Icon.png in Resources */ = {isa = PBXBuildFile; fileRef = 6265228A234A1C3D00BD41E4 /* Icon.png */; };
		6265228D234A1C7B00BD41E4 /* DisoftIcon.png in Resources */ = {isa = PBXBuildFile; fileRef = 6265228C234A1C7B00BD41E4 /* DisoftIcon.png */; };
		6269E6E823C25AB100701EF9 /* ChatWorker.swift in Sources */ = {isa = PBXBuildFile; fileRef = 6269E6E723C25AB100701EF9 /* ChatWorker.swift */; };
		6279719823BF8DD000EAB55A /* DataUseVC.swift in Sources */ = {isa = PBXBuildFile; fileRef = 6279719723BF8DD000EAB55A /* DataUseVC.swift */; };
		6279719A23BF949900EAB55A /* DataUseCell.swift in Sources */ = {isa = PBXBuildFile; fileRef = 6279719923BF949900EAB55A /* DataUseCell.swift */; };
		627971A123BF9D2000EAB55A /* DataFrequencyVC.swift in Sources */ = {isa = PBXBuildFile; fileRef = 627971A023BF9D2000EAB55A /* DataFrequencyVC.swift */; };
		627C751B237C3EA200CE0E81 /* icons8-left-24.png in Resources */ = {isa = PBXBuildFile; fileRef = 627C751A237C3EA200CE0E81 /* icons8-left-24.png */; };
		62BC19D0236DBD47003D07EA /* DisoftGif.gif in Resources */ = {isa = PBXBuildFile; fileRef = 62BC19CF236DBD47003D07EA /* DisoftGif.gif */; };
		62C49066234F52A40087F489 /* ExpandableHeaderViewDelegate.swift in Sources */ = {isa = PBXBuildFile; fileRef = 62C49065234F52A40087F489 /* ExpandableHeaderViewDelegate.swift */; };
		62D0DADE23991FEC004DD41E /* SettingsVC.swift in Sources */ = {isa = PBXBuildFile; fileRef = 62D0DADD23991FEC004DD41E /* SettingsVC.swift */; };
		62D0DAE52399257A004DD41E /* icons8-notification-24.png in Resources */ = {isa = PBXBuildFile; fileRef = 62D0DAE42399257A004DD41E /* icons8-notification-24.png */; };
		62D0DAE723992787004DD41E /* SettingsCell.swift in Sources */ = {isa = PBXBuildFile; fileRef = 62D0DAE623992787004DD41E /* SettingsCell.swift */; };
		62D0DAE923995439004DD41E /* icons8-refresh-24.png in Resources */ = {isa = PBXBuildFile; fileRef = 62D0DAE823995438004DD41E /* icons8-refresh-24.png */; };
		62D19691234A6F1C00919761 /* icons8-home-page-24.png in Resources */ = {isa = PBXBuildFile; fileRef = 62D19690234A6F1C00919761 /* icons8-home-page-24.png */; };
		62D7B1FE2369CF7F00F5F9EE /* icons8-phone-25.png in Resources */ = {isa = PBXBuildFile; fileRef = 62D7B1FD2369CF7E00F5F9EE /* icons8-phone-25.png */; };
		62DE31AA2347FC5200DCB28D /* AppDelegate.swift in Sources */ = {isa = PBXBuildFile; fileRef = 62DE31A92347FC5200DCB28D /* AppDelegate.swift */; };
		62DE31AC2347FC5200DCB28D /* LoginVC.swift in Sources */ = {isa = PBXBuildFile; fileRef = 62DE31AB2347FC5200DCB28D /* LoginVC.swift */; };
		62DE31AF2347FC5200DCB28D /* Main.storyboard in Resources */ = {isa = PBXBuildFile; fileRef = 62DE31AD2347FC5200DCB28D /* Main.storyboard */; };
		62DE31B42347FC5500DCB28D /* LaunchScreen.storyboard in Resources */ = {isa = PBXBuildFile; fileRef = 62DE31B22347FC5500DCB28D /* LaunchScreen.storyboard */; };
		62DEA4E423C15CD0009F6BF6 /* NewsWorker.swift in Sources */ = {isa = PBXBuildFile; fileRef = 62DEA4E323C15CD0009F6BF6 /* NewsWorker.swift */; };
		62E9F7A723EF5B560065979B /* disoft_mouse.png in Resources */ = {isa = PBXBuildFile; fileRef = 62E9F7A623EF5B550065979B /* disoft_mouse.png */; };
		62F66DF723C7834B00C8FE4A /* icons8-wrench-24.png in Resources */ = {isa = PBXBuildFile; fileRef = 62F66DF623C7834B00C8FE4A /* icons8-wrench-24.png */; };
		62F66DF923C7834E00C8FE4A /* icons8-shutdown-24.png in Resources */ = {isa = PBXBuildFile; fileRef = 62F66DF823C7834E00C8FE4A /* icons8-shutdown-24.png */; };
		85E5D9C0D158D8701CFA24A0 /* Pods_Dicloud.framework in Frameworks */ = {isa = PBXBuildFile; fileRef = B229A8E2E425E0AB08BF9FBB /* Pods_Dicloud.framework */; };
/* End PBXBuildFile section */

/* Begin PBXFileReference section */
		2C9B8AEA589C49294CC899C4 /* Pods-Dicloud.debug.xcconfig */ = {isa = PBXFileReference; includeInIndex = 1; lastKnownFileType = text.xcconfig; name = "Pods-Dicloud.debug.xcconfig"; path = "Pods/Target Support Files/Pods-Dicloud/Pods-Dicloud.debug.xcconfig"; sourceTree = "<group>"; };
		62051FBF23C6254600274E20 /* SoundsVC.swift */ = {isa = PBXFileReference; lastKnownFileType = sourcecode.swift; path = SoundsVC.swift; sourceTree = "<group>"; };
		6212AC0923C5E22D00296F50 /* NotificationsVC.swift */ = {isa = PBXFileReference; lastKnownFileType = sourcecode.swift; path = NotificationsVC.swift; sourceTree = "<group>"; };
		6212AC0B23C5E45A00296F50 /* NotificationsCheckCell.swift */ = {isa = PBXFileReference; lastKnownFileType = sourcecode.swift; path = NotificationsCheckCell.swift; sourceTree = "<group>"; };
		6212AC0D23C5E58A00296F50 /* NotificationsChooseCell.swift */ = {isa = PBXFileReference; lastKnownFileType = sourcecode.swift; path = NotificationsChooseCell.swift; sourceTree = "<group>"; };
		6212AC0F23C5E60A00296F50 /* NotificationsLedCell.swift */ = {isa = PBXFileReference; lastKnownFileType = sourcecode.swift; path = NotificationsLedCell.swift; sourceTree = "<group>"; };
		62148ED0234F1F5200B44E62 /* AppIcon.appiconset */ = {isa = PBXFileReference; lastKnownFileType = folder; path = AppIcon.appiconset; sourceTree = "<group>"; };
		62148ED4234F249000B44E62 /* icons8-collapse-arrow-50.png */ = {isa = PBXFileReference; lastKnownFileType = image.png; path = "icons8-collapse-arrow-50.png"; sourceTree = "<group>"; };
		62148ED5234F249000B44E62 /* icons8-expand-arrow-50.png */ = {isa = PBXFileReference; lastKnownFileType = image.png; path = "icons8-expand-arrow-50.png"; sourceTree = "<group>"; };
		6228265123D7897700CC0041 /* icons8-checked-24.png */ = {isa = PBXFileReference; lastKnownFileType = image.png; path = "icons8-checked-24.png"; sourceTree = "<group>"; };
		6265227F234A11FB00BD41E4 /* HomeVC.swift */ = {isa = PBXFileReference; lastKnownFileType = sourcecode.swift; path = HomeVC.swift; sourceTree = "<group>"; };
		62652281234A129D00BD41E4 /* SideMenuVC.swift */ = {isa = PBXFileReference; lastKnownFileType = sourcecode.swift; path = SideMenuVC.swift; sourceTree = "<group>"; };
		62652288234A1A9F00BD41E4 /* Images.xcassets */ = {isa = PBXFileReference; lastKnownFileType = folder.assetcatalog; path = Images.xcassets; sourceTree = "<group>"; };
		6265228A234A1C3D00BD41E4 /* Icon.png */ = {isa = PBXFileReference; lastKnownFileType = image.png; path = Icon.png; sourceTree = "<group>"; };
		6265228C234A1C7B00BD41E4 /* DisoftIcon.png */ = {isa = PBXFileReference; lastKnownFileType = image.png; path = DisoftIcon.png; sourceTree = "<group>"; };
		6269E6E723C25AB100701EF9 /* ChatWorker.swift */ = {isa = PBXFileReference; lastKnownFileType = sourcecode.swift; path = ChatWorker.swift; sourceTree = "<group>"; };
		6279719723BF8DD000EAB55A /* DataUseVC.swift */ = {isa = PBXFileReference; lastKnownFileType = sourcecode.swift; path = DataUseVC.swift; sourceTree = "<group>"; };
		6279719923BF949900EAB55A /* DataUseCell.swift */ = {isa = PBXFileReference; lastKnownFileType = sourcecode.swift; path = DataUseCell.swift; sourceTree = "<group>"; };
		627971A023BF9D2000EAB55A /* DataFrequencyVC.swift */ = {isa = PBXFileReference; lastKnownFileType = sourcecode.swift; path = DataFrequencyVC.swift; sourceTree = "<group>"; };
		627C751A237C3EA200CE0E81 /* icons8-left-24.png */ = {isa = PBXFileReference; lastKnownFileType = image.png; path = "icons8-left-24.png"; sourceTree = "<group>"; };
		62BC19CF236DBD47003D07EA /* DisoftGif.gif */ = {isa = PBXFileReference; lastKnownFileType = image.gif; path = DisoftGif.gif; sourceTree = "<group>"; };
		62C49065234F52A40087F489 /* ExpandableHeaderViewDelegate.swift */ = {isa = PBXFileReference; lastKnownFileType = sourcecode.swift; path = ExpandableHeaderViewDelegate.swift; sourceTree = "<group>"; };
		62D0DADD23991FEC004DD41E /* SettingsVC.swift */ = {isa = PBXFileReference; lastKnownFileType = sourcecode.swift; path = SettingsVC.swift; sourceTree = "<group>"; };
		62D0DAE42399257A004DD41E /* icons8-notification-24.png */ = {isa = PBXFileReference; lastKnownFileType = image.png; path = "icons8-notification-24.png"; sourceTree = "<group>"; };
		62D0DAE623992787004DD41E /* SettingsCell.swift */ = {isa = PBXFileReference; lastKnownFileType = sourcecode.swift; path = SettingsCell.swift; sourceTree = "<group>"; };
		62D0DAE823995438004DD41E /* icons8-refresh-24.png */ = {isa = PBXFileReference; lastKnownFileType = image.png; path = "icons8-refresh-24.png"; sourceTree = "<group>"; };
		62D19690234A6F1C00919761 /* icons8-home-page-24.png */ = {isa = PBXFileReference; lastKnownFileType = image.png; path = "icons8-home-page-24.png"; sourceTree = "<group>"; };
		62D7B1FD2369CF7E00F5F9EE /* icons8-phone-25.png */ = {isa = PBXFileReference; lastKnownFileType = image.png; path = "icons8-phone-25.png"; sourceTree = "<group>"; };
		62DE31A62347FC5200DCB28D /* Dicloud.app */ = {isa = PBXFileReference; explicitFileType = wrapper.application; includeInIndex = 0; path = Dicloud.app; sourceTree = BUILT_PRODUCTS_DIR; };
		62DE31A92347FC5200DCB28D /* AppDelegate.swift */ = {isa = PBXFileReference; lastKnownFileType = sourcecode.swift; path = AppDelegate.swift; sourceTree = "<group>"; };
		62DE31AB2347FC5200DCB28D /* LoginVC.swift */ = {isa = PBXFileReference; lastKnownFileType = sourcecode.swift; path = LoginVC.swift; sourceTree = "<group>"; };
		62DE31AE2347FC5200DCB28D /* Base */ = {isa = PBXFileReference; lastKnownFileType = file.storyboard; name = Base; path = Base.lproj/Main.storyboard; sourceTree = "<group>"; };
		62DE31B32347FC5500DCB28D /* Base */ = {isa = PBXFileReference; lastKnownFileType = file.storyboard; name = Base; path = Base.lproj/LaunchScreen.storyboard; sourceTree = "<group>"; };
		62DE31B52347FC5500DCB28D /* Info.plist */ = {isa = PBXFileReference; lastKnownFileType = text.plist.xml; path = Info.plist; sourceTree = "<group>"; };
		62DEA4E323C15CD0009F6BF6 /* NewsWorker.swift */ = {isa = PBXFileReference; lastKnownFileType = sourcecode.swift; path = NewsWorker.swift; sourceTree = "<group>"; };
		62E9F7A623EF5B550065979B /* disoft_mouse.png */ = {isa = PBXFileReference; lastKnownFileType = image.png; path = disoft_mouse.png; sourceTree = "<group>"; };
		62F66DF623C7834B00C8FE4A /* icons8-wrench-24.png */ = {isa = PBXFileReference; lastKnownFileType = image.png; path = "icons8-wrench-24.png"; sourceTree = "<group>"; };
		62F66DF823C7834E00C8FE4A /* icons8-shutdown-24.png */ = {isa = PBXFileReference; lastKnownFileType = image.png; path = "icons8-shutdown-24.png"; sourceTree = "<group>"; };
		B229A8E2E425E0AB08BF9FBB /* Pods_Dicloud.framework */ = {isa = PBXFileReference; explicitFileType = wrapper.framework; includeInIndex = 0; path = Pods_Dicloud.framework; sourceTree = BUILT_PRODUCTS_DIR; };
		F31E3862B9D840964E42E8EE /* Pods-Dicloud.release.xcconfig */ = {isa = PBXFileReference; includeInIndex = 1; lastKnownFileType = text.xcconfig; name = "Pods-Dicloud.release.xcconfig"; path = "Pods/Target Support Files/Pods-Dicloud/Pods-Dicloud.release.xcconfig"; sourceTree = "<group>"; };
/* End PBXFileReference section */

/* Begin PBXFrameworksBuildPhase section */
		62DE31A32347FC5200DCB28D /* Frameworks */ = {
			isa = PBXFrameworksBuildPhase;
			buildActionMask = 2147483647;
			files = (
				85E5D9C0D158D8701CFA24A0 /* Pods_Dicloud.framework in Frameworks */,
			);
			runOnlyForDeploymentPostprocessing = 0;
		};
/* End PBXFrameworksBuildPhase section */

/* Begin PBXGroup section */
		62051FBE23C6252C00274E20 /* Sounds */ = {
			isa = PBXGroup;
			children = (
				62051FBF23C6254600274E20 /* SoundsVC.swift */,
			);
			path = Sounds;
			sourceTree = "<group>";
		};
		6212AC0823C5E21B00296F50 /* Notifications */ = {
			isa = PBXGroup;
			children = (
				62051FBE23C6252C00274E20 /* Sounds */,
				6212AC0923C5E22D00296F50 /* NotificationsVC.swift */,
				6212AC0B23C5E45A00296F50 /* NotificationsCheckCell.swift */,
				6212AC0D23C5E58A00296F50 /* NotificationsChooseCell.swift */,
				6212AC0F23C5E60A00296F50 /* NotificationsLedCell.swift */,
			);
			path = Notifications;
			sourceTree = "<group>";
		};
		62148ED2234F23DB00B44E62 /* MenuIcons */ = {
			isa = PBXGroup;
			children = (
				6228265123D7897700CC0041 /* icons8-checked-24.png */,
				62D0DAE823995438004DD41E /* icons8-refresh-24.png */,
				62E9F7A623EF5B550065979B /* disoft_mouse.png */,
				62D0DAE42399257A004DD41E /* icons8-notification-24.png */,
				62F66DF823C7834E00C8FE4A /* icons8-shutdown-24.png */,
				62F66DF623C7834B00C8FE4A /* icons8-wrench-24.png */,
				627C751A237C3EA200CE0E81 /* icons8-left-24.png */,
				62D7B1FD2369CF7E00F5F9EE /* icons8-phone-25.png */,
				6265228C234A1C7B00BD41E4 /* DisoftIcon.png */,
				62D19690234A6F1C00919761 /* icons8-home-page-24.png */,
			);
			path = MenuIcons;
			sourceTree = "<group>";
		};
		62148ED3234F247E00B44E62 /* Arrows */ = {
			isa = PBXGroup;
			children = (
				62148ED4234F249000B44E62 /* icons8-collapse-arrow-50.png */,
				62148ED5234F249000B44E62 /* icons8-expand-arrow-50.png */,
			);
			path = Arrows;
			sourceTree = "<group>";
		};
		62652283234A148D00BD41E4 /* Images */ = {
			isa = PBXGroup;
			children = (
				62BC19CF236DBD47003D07EA /* DisoftGif.gif */,
				62148ED3234F247E00B44E62 /* Arrows */,
				62148ED2234F23DB00B44E62 /* MenuIcons */,
				62148ED0234F1F5200B44E62 /* AppIcon.appiconset */,
				6265228A234A1C3D00BD41E4 /* Icon.png */,
			);
			path = Images;
			sourceTree = "<group>";
		};
		6269E6E623C25AA100701EF9 /* Chat */ = {
			isa = PBXGroup;
			children = (
				6269E6E723C25AB100701EF9 /* ChatWorker.swift */,
			);
			path = Chat;
			sourceTree = "<group>";
		};
		6279719323BF8D9200EAB55A /* Settings */ = {
			isa = PBXGroup;
			children = (
			);
			path = Settings;
			sourceTree = "<group>";
		};
		6279719423BF8D9B00EAB55A /* DataUse */ = {
			isa = PBXGroup;
			children = (
				6279719B23BF9C4800EAB55A /* DataFrequency */,
				6279719723BF8DD000EAB55A /* DataUseVC.swift */,
				6279719923BF949900EAB55A /* DataUseCell.swift */,
			);
			path = DataUse;
			sourceTree = "<group>";
		};
		6279719B23BF9C4800EAB55A /* DataFrequency */ = {
			isa = PBXGroup;
			children = (
				627971A023BF9D2000EAB55A /* DataFrequencyVC.swift */,
			);
			path = DataFrequency;
			sourceTree = "<group>";
		};
		62D0DADF23991FF1004DD41E /* System */ = {
			isa = PBXGroup;
			children = (
				6279719423BF8D9B00EAB55A /* DataUse */,
				6279719323BF8D9200EAB55A /* Settings */,
				62D0DADD23991FEC004DD41E /* SettingsVC.swift */,
				62D0DAE623992787004DD41E /* SettingsCell.swift */,
			);
			path = System;
			sourceTree = "<group>";
		};
		62DE319D2347FC5200DCB28D = {
			isa = PBXGroup;
			children = (
				62652283234A148D00BD41E4 /* Images */,
				62DE31A82347FC5200DCB28D /* Dicloud */,
				62DE31A72347FC5200DCB28D /* Products */,
				EA290A139DE501B9AEFDBE74 /* Pods */,
				DCD1773CB1222EC83C799DAE /* Frameworks */,
			);
			sourceTree = "<group>";
		};
		62DE31A72347FC5200DCB28D /* Products */ = {
			isa = PBXGroup;
			children = (
				62DE31A62347FC5200DCB28D /* Dicloud.app */,
			);
			name = Products;
			sourceTree = "<group>";
		};
		62DE31A82347FC5200DCB28D /* Dicloud */ = {
			isa = PBXGroup;
			children = (
				6212AC0823C5E21B00296F50 /* Notifications */,
				6269E6E623C25AA100701EF9 /* Chat */,
				62DEA4E223C15CA2009F6BF6 /* Messages */,
				62D0DADF23991FF1004DD41E /* System */,
				62DE31BD2347FF3800DCB28D /* SideMenu */,
				62DE31BC2347FF2D00DCB28D /* Home */,
				62DE31BB2347FF2300DCB28D /* Login */,
				62DE31A92347FC5200DCB28D /* AppDelegate.swift */,
				62DE31AD2347FC5200DCB28D /* Main.storyboard */,
				62DE31B22347FC5500DCB28D /* LaunchScreen.storyboard */,
				62DE31B52347FC5500DCB28D /* Info.plist */,
				62652288234A1A9F00BD41E4 /* Images.xcassets */,
			);
			path = Dicloud;
			sourceTree = "<group>";
		};
		62DE31BB2347FF2300DCB28D /* Login */ = {
			isa = PBXGroup;
			children = (
				62DE31AB2347FC5200DCB28D /* LoginVC.swift */,
			);
			path = Login;
			sourceTree = "<group>";
		};
		62DE31BC2347FF2D00DCB28D /* Home */ = {
			isa = PBXGroup;
			children = (
				6265227F234A11FB00BD41E4 /* HomeVC.swift */,
			);
			path = Home;
			sourceTree = "<group>";
		};
		62DE31BD2347FF3800DCB28D /* SideMenu */ = {
			isa = PBXGroup;
			children = (
				62652281234A129D00BD41E4 /* SideMenuVC.swift */,
				62C49065234F52A40087F489 /* ExpandableHeaderViewDelegate.swift */,
			);
			path = SideMenu;
			sourceTree = "<group>";
		};
		62DEA4E223C15CA2009F6BF6 /* Messages */ = {
			isa = PBXGroup;
			children = (
				62DEA4E323C15CD0009F6BF6 /* NewsWorker.swift */,
			);
			path = Messages;
			sourceTree = "<group>";
		};
		DCD1773CB1222EC83C799DAE /* Frameworks */ = {
			isa = PBXGroup;
			children = (
				B229A8E2E425E0AB08BF9FBB /* Pods_Dicloud.framework */,
			);
			name = Frameworks;
			sourceTree = "<group>";
		};
		EA290A139DE501B9AEFDBE74 /* Pods */ = {
			isa = PBXGroup;
			children = (
				2C9B8AEA589C49294CC899C4 /* Pods-Dicloud.debug.xcconfig */,
				F31E3862B9D840964E42E8EE /* Pods-Dicloud.release.xcconfig */,
			);
			name = Pods;
			sourceTree = "<group>";
		};
/* End PBXGroup section */

/* Begin PBXNativeTarget section */
		62DE31A52347FC5200DCB28D /* Dicloud */ = {
			isa = PBXNativeTarget;
			buildConfigurationList = 62DE31B82347FC5500DCB28D /* Build configuration list for PBXNativeTarget "Dicloud" */;
			buildPhases = (
				0AE76FF2CE6B93F71C5412ED /* [CP] Check Pods Manifest.lock */,
				62DE31A22347FC5200DCB28D /* Sources */,
				62DE31A32347FC5200DCB28D /* Frameworks */,
				62DE31A42347FC5200DCB28D /* Resources */,
				85CFB783C6288E6C26E1BC71 /* [CP] Embed Pods Frameworks */,
				E27D7D00DB38C51CCE03FDBF /* [CP] Copy Pods Resources */,
			);
			buildRules = (
			);
			dependencies = (
			);
			name = Dicloud;
			productName = Dicloud;
			productReference = 62DE31A62347FC5200DCB28D /* Dicloud.app */;
			productType = "com.apple.product-type.application";
		};
/* End PBXNativeTarget section */

/* Begin PBXProject section */
		62DE319E2347FC5200DCB28D /* Project object */ = {
			isa = PBXProject;
			attributes = {
				LastSwiftUpdateCheck = 1010;
				LastUpgradeCheck = 1010;
				ORGANIZATIONNAME = "Queralt Sosa Mompel";
				TargetAttributes = {
					62DE31A52347FC5200DCB28D = {
						CreatedOnToolsVersion = 10.1;
					};
				};
			};
			buildConfigurationList = 62DE31A12347FC5200DCB28D /* Build configuration list for PBXProject "Dicloud" */;
			compatibilityVersion = "Xcode 9.3";
			developmentRegion = en;
			hasScannedForEncodings = 0;
			knownRegions = (
				en,
				Base,
			);
			mainGroup = 62DE319D2347FC5200DCB28D;
			productRefGroup = 62DE31A72347FC5200DCB28D /* Products */;
			projectDirPath = "";
			projectRoot = "";
			targets = (
				62DE31A52347FC5200DCB28D /* Dicloud */,
			);
		};
/* End PBXProject section */

/* Begin PBXResourcesBuildPhase section */
		62DE31A42347FC5200DCB28D /* Resources */ = {
			isa = PBXResourcesBuildPhase;
			buildActionMask = 2147483647;
			files = (
				62BC19D0236DBD47003D07EA /* DisoftGif.gif in Resources */,
				62148ED1234F1F5300B44E62 /* AppIcon.appiconset in Resources */,
				62F66DF723C7834B00C8FE4A /* icons8-wrench-24.png in Resources */,
				62652289234A1A9F00BD41E4 /* Images.xcassets in Resources */,
				62D7B1FE2369CF7F00F5F9EE /* icons8-phone-25.png in Resources */,
				62148ED7234F249000B44E62 /* icons8-expand-arrow-50.png in Resources */,
				62DE31B42347FC5500DCB28D /* LaunchScreen.storyboard in Resources */,
				6265228B234A1C3D00BD41E4 /* Icon.png in Resources */,
				6265228D234A1C7B00BD41E4 /* DisoftIcon.png in Resources */,
				62DE31AF2347FC5200DCB28D /* Main.storyboard in Resources */,
				62D0DAE923995439004DD41E /* icons8-refresh-24.png in Resources */,
				62E9F7A723EF5B560065979B /* disoft_mouse.png in Resources */,
				62D19691234A6F1C00919761 /* icons8-home-page-24.png in Resources */,
				62148ED6234F249000B44E62 /* icons8-collapse-arrow-50.png in Resources */,
				62D0DAE52399257A004DD41E /* icons8-notification-24.png in Resources */,
				62F66DF923C7834E00C8FE4A /* icons8-shutdown-24.png in Resources */,
				627C751B237C3EA200CE0E81 /* icons8-left-24.png in Resources */,
				6228265223D7897700CC0041 /* icons8-checked-24.png in Resources */,
			);
			runOnlyForDeploymentPostprocessing = 0;
		};
/* End PBXResourcesBuildPhase section */

/* Begin PBXShellScriptBuildPhase section */
		0AE76FF2CE6B93F71C5412ED /* [CP] Check Pods Manifest.lock */ = {
			isa = PBXShellScriptBuildPhase;
			buildActionMask = 2147483647;
			files = (
			);
			inputPaths = (
				"${PODS_PODFILE_DIR_PATH}/Podfile.lock",
				"${PODS_ROOT}/Manifest.lock",
			);
			name = "[CP] Check Pods Manifest.lock";
			outputPaths = (
				"$(DERIVED_FILE_DIR)/Pods-Dicloud-checkManifestLockResult.txt",
			);
			runOnlyForDeploymentPostprocessing = 0;
			shellPath = /bin/sh;
			shellScript = "diff \"${PODS_PODFILE_DIR_PATH}/Podfile.lock\" \"${PODS_ROOT}/Manifest.lock\" > /dev/null\nif [ $? != 0 ] ; then\n    # print error to STDERR\n    echo \"error: The sandbox is not in sync with the Podfile.lock. Run 'pod install' or update your CocoaPods installation.\" >&2\n    exit 1\nfi\n# This output is used by Xcode 'outputs' to avoid re-running this script phase.\necho \"SUCCESS\" > \"${SCRIPT_OUTPUT_FILE_0}\"\n";
			showEnvVarsInLog = 0;
		};
		85CFB783C6288E6C26E1BC71 /* [CP] Embed Pods Frameworks */ = {
			isa = PBXShellScriptBuildPhase;
			buildActionMask = 2147483647;
			files = (
			);
			inputPaths = (
				"${SRCROOT}/Pods/Target Support Files/Pods-Dicloud/Pods-Dicloud-frameworks.sh",
				"${BUILT_PRODUCTS_DIR}/Alamofire/Alamofire.framework",
				"${BUILT_PRODUCTS_DIR}/SwiftyJSON/SwiftyJSON.framework",
			);
			name = "[CP] Embed Pods Frameworks";
			outputPaths = (
				"${TARGET_BUILD_DIR}/${FRAMEWORKS_FOLDER_PATH}/Alamofire.framework",
				"${TARGET_BUILD_DIR}/${FRAMEWORKS_FOLDER_PATH}/SwiftyJSON.framework",
			);
			runOnlyForDeploymentPostprocessing = 0;
			shellPath = /bin/sh;
			shellScript = "\"${SRCROOT}/Pods/Target Support Files/Pods-Dicloud/Pods-Dicloud-frameworks.sh\"\n";
			showEnvVarsInLog = 0;
		};
		E27D7D00DB38C51CCE03FDBF /* [CP] Copy Pods Resources */ = {
			isa = PBXShellScriptBuildPhase;
			buildActionMask = 2147483647;
			files = (
			);
			inputPaths = (
			);
			name = "[CP] Copy Pods Resources";
			outputPaths = (
			);
			runOnlyForDeploymentPostprocessing = 0;
			shellPath = /bin/sh;
			shellScript = "\"${SRCROOT}/Pods/Target Support Files/Pods-Dicloud/Pods-Dicloud-resources.sh\"\n";
			showEnvVarsInLog = 0;
		};
/* End PBXShellScriptBuildPhase section */

/* Begin PBXSourcesBuildPhase section */
		62DE31A22347FC5200DCB28D /* Sources */ = {
			isa = PBXSourcesBuildPhase;
			buildActionMask = 2147483647;
			files = (
				62652280234A11FB00BD41E4 /* HomeVC.swift in Sources */,
				6212AC0A23C5E22D00296F50 /* NotificationsVC.swift in Sources */,
				6269E6E823C25AB100701EF9 /* ChatWorker.swift in Sources */,
				6279719A23BF949900EAB55A /* DataUseCell.swift in Sources */,
				62D0DAE723992787004DD41E /* SettingsCell.swift in Sources */,
				6212AC1023C5E60A00296F50 /* NotificationsLedCell.swift in Sources */,
				62051FC023C6254600274E20 /* SoundsVC.swift in Sources */,
				627971A123BF9D2000EAB55A /* DataFrequencyVC.swift in Sources */,
				6212AC0E23C5E58A00296F50 /* NotificationsChooseCell.swift in Sources */,
				62DEA4E423C15CD0009F6BF6 /* NewsWorker.swift in Sources */,
				62DE31AC2347FC5200DCB28D /* LoginVC.swift in Sources */,
				62652282234A129D00BD41E4 /* SideMenuVC.swift in Sources */,
				62D0DADE23991FEC004DD41E /* SettingsVC.swift in Sources */,
				62C49066234F52A40087F489 /* ExpandableHeaderViewDelegate.swift in Sources */,
				6279719823BF8DD000EAB55A /* DataUseVC.swift in Sources */,
				62DE31AA2347FC5200DCB28D /* AppDelegate.swift in Sources */,
				6212AC0C23C5E45A00296F50 /* NotificationsCheckCell.swift in Sources */,
			);
			runOnlyForDeploymentPostprocessing = 0;
		};
/* End PBXSourcesBuildPhase section */

/* Begin PBXVariantGroup section */
		62DE31AD2347FC5200DCB28D /* Main.storyboard */ = {
			isa = PBXVariantGroup;
			children = (
				62DE31AE2347FC5200DCB28D /* Base */,
			);
			name = Main.storyboard;
			sourceTree = "<group>";
		};
		62DE31B22347FC5500DCB28D /* LaunchScreen.storyboard */ = {
			isa = PBXVariantGroup;
			children = (
				62DE31B32347FC5500DCB28D /* Base */,
			);
			name = LaunchScreen.storyboard;
			sourceTree = "<group>";
		};
/* End PBXVariantGroup section */

/* Begin XCBuildConfiguration section */
		62DE31B62347FC5500DCB28D /* Debug */ = {
			isa = XCBuildConfiguration;
			buildSettings = {
				ALWAYS_SEARCH_USER_PATHS = NO;
				CLANG_ANALYZER_NONNULL = YES;
				CLANG_ANALYZER_NUMBER_OBJECT_CONVERSION = YES_AGGRESSIVE;
				CLANG_CXX_LANGUAGE_STANDARD = "gnu++14";
				CLANG_CXX_LIBRARY = "libc++";
				CLANG_ENABLE_MODULES = YES;
				CLANG_ENABLE_OBJC_ARC = YES;
				CLANG_ENABLE_OBJC_WEAK = YES;
				CLANG_WARN_BLOCK_CAPTURE_AUTORELEASING = YES;
				CLANG_WARN_BOOL_CONVERSION = YES;
				CLANG_WARN_COMMA = YES;
				CLANG_WARN_CONSTANT_CONVERSION = YES;
				CLANG_WARN_DEPRECATED_OBJC_IMPLEMENTATIONS = YES;
				CLANG_WARN_DIRECT_OBJC_ISA_USAGE = YES_ERROR;
				CLANG_WARN_DOCUMENTATION_COMMENTS = YES;
				CLANG_WARN_EMPTY_BODY = YES;
				CLANG_WARN_ENUM_CONVERSION = YES;
				CLANG_WARN_INFINITE_RECURSION = YES;
				CLANG_WARN_INT_CONVERSION = YES;
				CLANG_WARN_NON_LITERAL_NULL_CONVERSION = YES;
				CLANG_WARN_OBJC_IMPLICIT_RETAIN_SELF = YES;
				CLANG_WARN_OBJC_LITERAL_CONVERSION = YES;
				CLANG_WARN_OBJC_ROOT_CLASS = YES_ERROR;
				CLANG_WARN_RANGE_LOOP_ANALYSIS = YES;
				CLANG_WARN_STRICT_PROTOTYPES = YES;
				CLANG_WARN_SUSPICIOUS_MOVE = YES;
				CLANG_WARN_UNGUARDED_AVAILABILITY = YES_AGGRESSIVE;
				CLANG_WARN_UNREACHABLE_CODE = YES;
				CLANG_WARN__DUPLICATE_METHOD_MATCH = YES;
				CODE_SIGN_IDENTITY = "iPhone Developer";
				COPY_PHASE_STRIP = NO;
				DEBUG_INFORMATION_FORMAT = dwarf;
				ENABLE_STRICT_OBJC_MSGSEND = YES;
				ENABLE_TESTABILITY = YES;
				GCC_C_LANGUAGE_STANDARD = gnu11;
				GCC_DYNAMIC_NO_PIC = NO;
				GCC_NO_COMMON_BLOCKS = YES;
				GCC_OPTIMIZATION_LEVEL = 0;
				GCC_PREPROCESSOR_DEFINITIONS = (
					"DEBUG=1",
					"$(inherited)",
				);
				GCC_WARN_64_TO_32_BIT_CONVERSION = YES;
				GCC_WARN_ABOUT_RETURN_TYPE = YES_ERROR;
				GCC_WARN_UNDECLARED_SELECTOR = YES;
				GCC_WARN_UNINITIALIZED_AUTOS = YES_AGGRESSIVE;
				GCC_WARN_UNUSED_FUNCTION = YES;
				GCC_WARN_UNUSED_VARIABLE = YES;
				IPHONEOS_DEPLOYMENT_TARGET = 12.1;
				MTL_ENABLE_DEBUG_INFO = INCLUDE_SOURCE;
				MTL_FAST_MATH = YES;
				ONLY_ACTIVE_ARCH = YES;
				SDKROOT = iphoneos;
				SWIFT_ACTIVE_COMPILATION_CONDITIONS = DEBUG;
				SWIFT_OPTIMIZATION_LEVEL = "-Onone";
			};
			name = Debug;
		};
		62DE31B72347FC5500DCB28D /* Release */ = {
			isa = XCBuildConfiguration;
			buildSettings = {
				ALWAYS_SEARCH_USER_PATHS = NO;
				CLANG_ANALYZER_NONNULL = YES;
				CLANG_ANALYZER_NUMBER_OBJECT_CONVERSION = YES_AGGRESSIVE;
				CLANG_CXX_LANGUAGE_STANDARD = "gnu++14";
				CLANG_CXX_LIBRARY = "libc++";
				CLANG_ENABLE_MODULES = YES;
				CLANG_ENABLE_OBJC_ARC = YES;
				CLANG_ENABLE_OBJC_WEAK = YES;
				CLANG_WARN_BLOCK_CAPTURE_AUTORELEASING = YES;
				CLANG_WARN_BOOL_CONVERSION = YES;
				CLANG_WARN_COMMA = YES;
				CLANG_WARN_CONSTANT_CONVERSION = YES;
				CLANG_WARN_DEPRECATED_OBJC_IMPLEMENTATIONS = YES;
				CLANG_WARN_DIRECT_OBJC_ISA_USAGE = YES_ERROR;
				CLANG_WARN_DOCUMENTATION_COMMENTS = YES;
				CLANG_WARN_EMPTY_BODY = YES;
				CLANG_WARN_ENUM_CONVERSION = YES;
				CLANG_WARN_INFINITE_RECURSION = YES;
				CLANG_WARN_INT_CONVERSION = YES;
				CLANG_WARN_NON_LITERAL_NULL_CONVERSION = YES;
				CLANG_WARN_OBJC_IMPLICIT_RETAIN_SELF = YES;
				CLANG_WARN_OBJC_LITERAL_CONVERSION = YES;
				CLANG_WARN_OBJC_ROOT_CLASS = YES_ERROR;
				CLANG_WARN_RANGE_LOOP_ANALYSIS = YES;
				CLANG_WARN_STRICT_PROTOTYPES = YES;
				CLANG_WARN_SUSPICIOUS_MOVE = YES;
				CLANG_WARN_UNGUARDED_AVAILABILITY = YES_AGGRESSIVE;
				CLANG_WARN_UNREACHABLE_CODE = YES;
				CLANG_WARN__DUPLICATE_METHOD_MATCH = YES;
				CODE_SIGN_IDENTITY = "iPhone Developer";
				COPY_PHASE_STRIP = NO;
				DEBUG_INFORMATION_FORMAT = "dwarf-with-dsym";
				ENABLE_NS_ASSERTIONS = NO;
				ENABLE_STRICT_OBJC_MSGSEND = YES;
				GCC_C_LANGUAGE_STANDARD = gnu11;
				GCC_NO_COMMON_BLOCKS = YES;
				GCC_WARN_64_TO_32_BIT_CONVERSION = YES;
				GCC_WARN_ABOUT_RETURN_TYPE = YES_ERROR;
				GCC_WARN_UNDECLARED_SELECTOR = YES;
				GCC_WARN_UNINITIALIZED_AUTOS = YES_AGGRESSIVE;
				GCC_WARN_UNUSED_FUNCTION = YES;
				GCC_WARN_UNUSED_VARIABLE = YES;
				IPHONEOS_DEPLOYMENT_TARGET = 12.1;
				MTL_ENABLE_DEBUG_INFO = NO;
				MTL_FAST_MATH = YES;
				SDKROOT = iphoneos;
				SWIFT_COMPILATION_MODE = wholemodule;
				SWIFT_OPTIMIZATION_LEVEL = "-O";
				VALIDATE_PRODUCT = YES;
			};
			name = Release;
		};
		62DE31B92347FC5500DCB28D /* Debug */ = {
			isa = XCBuildConfiguration;
			baseConfigurationReference = 2C9B8AEA589C49294CC899C4 /* Pods-Dicloud.debug.xcconfig */;
			buildSettings = {
				ASSETCATALOG_COMPILER_APPICON_NAME = AppIcon;
				ASSETCATALOG_COMPILER_LAUNCHIMAGE_NAME = LaunchImage;
				CODE_SIGN_STYLE = Automatic;
				DEVELOPMENT_TEAM = RBE9527MBH;
				INFOPLIST_FILE = Dicloud/Info.plist;
				LD_RUNPATH_SEARCH_PATHS = (
					"$(inherited)",
					"@executable_path/Frameworks",
				);
				PRODUCT_BUNDLE_IDENTIFIER = dicloud.Dicloud;
				PRODUCT_NAME = "$(TARGET_NAME)";
				SWIFT_VERSION = 4.2;
				TARGETED_DEVICE_FAMILY = "1,2";
			};
			name = Debug;
		};
		62DE31BA2347FC5500DCB28D /* Release */ = {
			isa = XCBuildConfiguration;
			baseConfigurationReference = F31E3862B9D840964E42E8EE /* Pods-Dicloud.release.xcconfig */;
			buildSettings = {
				ASSETCATALOG_COMPILER_APPICON_NAME = AppIcon;
				ASSETCATALOG_COMPILER_LAUNCHIMAGE_NAME = LaunchImage;
				CODE_SIGN_STYLE = Automatic;
				DEVELOPMENT_TEAM = RBE9527MBH;
				INFOPLIST_FILE = Dicloud/Info.plist;
				LD_RUNPATH_SEARCH_PATHS = (
					"$(inherited)",
					"@executable_path/Frameworks",
				);
				PRODUCT_BUNDLE_IDENTIFIER = dicloud.Dicloud;
				PRODUCT_NAME = "$(TARGET_NAME)";
				SWIFT_VERSION = 4.2;
				TARGETED_DEVICE_FAMILY = "1,2";
			};
			name = Release;
		};
/* End XCBuildConfiguration section */

/* Begin XCConfigurationList section */
		62DE31A12347FC5200DCB28D /* Build configuration list for PBXProject "Dicloud" */ = {
			isa = XCConfigurationList;
			buildConfigurations = (
				62DE31B62347FC5500DCB28D /* Debug */,
				62DE31B72347FC5500DCB28D /* Release */,
			);
			defaultConfigurationIsVisible = 0;
			defaultConfigurationName = Release;
		};
		62DE31B82347FC5500DCB28D /* Build configuration list for PBXNativeTarget "Dicloud" */ = {
			isa = XCConfigurationList;
			buildConfigurations = (
				62DE31B92347FC5500DCB28D /* Debug */,
				62DE31BA2347FC5500DCB28D /* Release */,
			);
			defaultConfigurationIsVisible = 0;
			defaultConfigurationName = Release;
		};
/* End XCConfigurationList section */
	};
	rootObject = 62DE319E2347FC5200DCB28D /* Project object */;
}
